
Microsoft Visual Studio Solution File, Format Version 12.00
# Visual Studio 2012
Project("{FAE04EC0-301F-11D3-BF4B-00C04F79EFBC}") = "DishSample", "DishSample\DishSample.csproj", "{93794CC5-046E-43DB-925E-DFF11A3B5987}"
EndProject
Project("{FAE04EC0-301F-11D3-BF4B-00C04F79EFBC}") = "UnitTestProject", "UnitTestProject\UnitTestProject.csproj", "{6FEEE2FA-1578-447F-BC94-0B370E7CECCA}"
EndProject
Global
	GlobalSection(SolutionConfigurationPlatforms) = preSolution
		Debug|Any CPU = Debug|Any CPU
		Release|Any CPU = Release|Any CPU
	EndGlobalSection
	GlobalSection(ProjectConfigurationPlatforms) = postSolution
		{93794CC5-046E-43DB-925E-DFF11A3B5987}.Debug|Any CPU.ActiveCfg = Debug|Any CPU
		{93794CC5-046E-43DB-925E-DFF11A3B5987}.Debug|Any CPU.Build.0 = Debug|Any CPU
		{93794CC5-046E-43DB-925E-DFF11A3B5987}.Release|Any CPU.ActiveCfg = Release|Any CPU
		{93794CC5-046E-43DB-925E-DFF11A3B5987}.Release|Any CPU.Build.0 = Release|Any CPU
		{6FEEE2FA-1578-447F-BC94-0B370E7CECCA}.Debug|Any CPU.ActiveCfg = Debug|Any CPU
		{6FEEE2FA-1578-447F-BC94-0B370E7CECCA}.Debug|Any CPU.Build.0 = Debug|Any CPU
		{6FEEE2FA-1578-447F-BC94-0B370E7CECCA}.Release|Any CPU.ActiveCfg = Release|Any CPU
		{6FEEE2FA-1578-447F-BC94-0B370E7CECCA}.Release|Any CPU.Build.0 = Release|Any CPU
	EndGlobalSection
	GlobalSection(SolutionProperties) = preSolution
		HideSolutionNode = FALSE
	EndGlobalSection
EndGlobal
